
Microsoft Visual Studio Solution File, Format Version 12.00
# Visual Studio Version 16
VisualStudioVersion = 16.0.31729.503
MinimumVisualStudioVersion = 10.0.40219.1
Project("{FAE04EC0-301F-11D3-BF4B-00C04F79EFBC}") = "youtube_downloader", "youtube_downloader\youtube_downloader.csproj", "{1AC55600-65EA-4734-A59C-6C3799EB00A3}"
EndProject
Project("{54435603-DBB4-11D2-8724-00A0C9A8B90C}") = "YoutubeDownloader", "YoutubeDownloader\YoutubeDownloader.vdproj", "{0DC36B8C-2DD1-440B-B4C9-45C27424C920}"
EndProject
Global
	GlobalSection(SolutionConfigurationPlatforms) = preSolution
		Debug|Any CPU = Debug|Any CPU
		Release|Any CPU = Release|Any CPU
	EndGlobalSection
	GlobalSection(ProjectConfigurationPlatforms) = postSolution
		{1AC55600-65EA-4734-A59C-6C3799EB00A3}.Debug|Any CPU.ActiveCfg = Debug|Any CPU
		{1AC55600-65EA-4734-A59C-6C3799EB00A3}.Debug|Any CPU.Build.0 = Debug|Any CPU
		{1AC55600-65EA-4734-A59C-6C3799EB00A3}.Release|Any CPU.ActiveCfg = Release|Any CPU
		{1AC55600-65EA-4734-A59C-6C3799EB00A3}.Release|Any CPU.Build.0 = Release|Any CPU
		{0DC36B8C-2DD1-440B-B4C9-45C27424C920}.Debug|Any CPU.ActiveCfg = Debug
		{0DC36B8C-2DD1-440B-B4C9-45C27424C920}.Release|Any CPU.ActiveCfg = Release
	EndGlobalSection
	GlobalSection(SolutionProperties) = preSolution
		HideSolutionNode = FALSE
	EndGlobalSection
	GlobalSection(ExtensibilityGlobals) = postSolution
		SolutionGuid = {9A6BF5D7-9ED5-47FD-AAC3-495114807514}
	EndGlobalSection
EndGlobal
